
Microsoft Visual Studio Solution File, Format Version 12.00
# Visual Studio Version 16
VisualStudioVersion = 16.0.30011.22
MinimumVisualStudioVersion = 10.0.40219.1
Project("{FAE04EC0-301F-11D3-BF4B-00C04F79EFBC}") = "mp3", "mp3\mp3.csproj", "{5D78854C-9ED4-43DF-926E-95750D92A077}"
EndProject
Global
	GlobalSection(SolutionConfigurationPlatforms) = preSolution
		Debug|Any CPU = Debug|Any CPU
		Release|Any CPU = Release|Any CPU
	EndGlobalSection
	GlobalSection(ProjectConfigurationPlatforms) = postSolution
		{5D78854C-9ED4-43DF-926E-95750D92A077}.Debug|Any CPU.ActiveCfg = Debug|Any CPU
		{5D78854C-9ED4-43DF-926E-95750D92A077}.Debug|Any CPU.Build.0 = Debug|Any CPU
		{5D78854C-9ED4-43DF-926E-95750D92A077}.Release|Any CPU.ActiveCfg = Release|Any CPU
		{5D78854C-9ED4-43DF-926E-95750D92A077}.Release|Any CPU.Build.0 = Release|Any CPU
	EndGlobalSection
	GlobalSection(SolutionProperties) = preSolution
		HideSolutionNode = FALSE
	EndGlobalSection
	GlobalSection(ExtensibilityGlobals) = postSolution
		SolutionGuid = {E1FF48DF-8D22-474D-A6A8-AD748B2FB1BD}
	EndGlobalSection
EndGlobal
